
Microsoft Visual Studio Solution File, Format Version 12.00
# Visual Studio Version 17
VisualStudioVersion = 17.6.33829.357
MinimumVisualStudioVersion = 10.0.40219.1
Project("{9A19103F-16F7-4668-BE54-9A1E7A4F7556}") = "UnitTestOrnek", "UnitTestÖrnek\UnitTestOrnek.csproj", "{7DD321C4-FC40-4A09-8FD1-8E8255F391C6}"
EndProject
Project("{FAE04EC0-301F-11D3-BF4B-00C04F79EFBC}") = "JobApplicationLibrary", "JobAplicationLibrary\JobApplicationLibrary.csproj", "{8C7F0B9F-C1A9-44DD-8E92-62DDFB792850}"
EndProject
Global
	GlobalSection(SolutionConfigurationPlatforms) = preSolution
		Debug|Any CPU = Debug|Any CPU
		Release|Any CPU = Release|Any CPU
	EndGlobalSection
	GlobalSection(ProjectConfigurationPlatforms) = postSolution
		{7DD321C4-FC40-4A09-8FD1-8E8255F391C6}.Debug|Any CPU.ActiveCfg = Debug|Any CPU
		{7DD321C4-FC40-4A09-8FD1-8E8255F391C6}.Debug|Any CPU.Build.0 = Debug|Any CPU
		{7DD321C4-FC40-4A09-8FD1-8E8255F391C6}.Release|Any CPU.ActiveCfg = Release|Any CPU
		{7DD321C4-FC40-4A09-8FD1-8E8255F391C6}.Release|Any CPU.Build.0 = Release|Any CPU
		{8C7F0B9F-C1A9-44DD-8E92-62DDFB792850}.Debug|Any CPU.ActiveCfg = Debug|Any CPU
		{8C7F0B9F-C1A9-44DD-8E92-62DDFB792850}.Debug|Any CPU.Build.0 = Debug|Any CPU
		{8C7F0B9F-C1A9-44DD-8E92-62DDFB792850}.Release|Any CPU.ActiveCfg = Release|Any CPU
		{8C7F0B9F-C1A9-44DD-8E92-62DDFB792850}.Release|Any CPU.Build.0 = Release|Any CPU
	EndGlobalSection
	GlobalSection(SolutionProperties) = preSolution
		HideSolutionNode = FALSE
	EndGlobalSection
	GlobalSection(ExtensibilityGlobals) = postSolution
		SolutionGuid = {852822BB-8E52-4326-B214-4C16EF15BBF2}
	EndGlobalSection
EndGlobal
